
Microsoft Visual Studio Solution File, Format Version 12.00
# Visual Studio Version 17
VisualStudioVersion = 17.3.32922.545
MinimumVisualStudioVersion = 10.0.40219.1
Project("{9A19103F-16F7-4668-BE54-9A1E7A4F7556}") = "TplMvc", "TplMvc.csproj", "{0CAF4CBF-289F-4072-BEF1-391302E1A194}"
EndProject
Project("{9A19103F-16F7-4668-BE54-9A1E7A4F7556}") = "Base", "..\Base\Base\Base.csproj", "{4280FE62-282F-453A-9FCC-4D743FF40E5D}"
EndProject
Project("{9A19103F-16F7-4668-BE54-9A1E7A4F7556}") = "BaseApi", "..\Base\BaseApi\BaseApi.csproj", "{93D077DC-D3F8-465C-80D6-68D3C29F0320}"
EndProject
Project("{9A19103F-16F7-4668-BE54-9A1E7A4F7556}") = "BaseWeb", "..\Base\BaseWeb\BaseWeb.csproj", "{4818E999-201C-4E65-AEA3-696602EA422D}"
EndProject
Global
	GlobalSection(SolutionConfigurationPlatforms) = preSolution
		Debug|Any CPU = Debug|Any CPU
		Debug-IP|Any CPU = Debug-IP|Any CPU
		Debug-Local|Any CPU = Debug-Local|Any CPU
		Release|Any CPU = Release|Any CPU
	EndGlobalSection
	GlobalSection(ProjectConfigurationPlatforms) = postSolution
		{0CAF4CBF-289F-4072-BEF1-391302E1A194}.Debug|Any CPU.ActiveCfg = Debug|Any CPU
		{0CAF4CBF-289F-4072-BEF1-391302E1A194}.Debug|Any CPU.Build.0 = Debug|Any CPU
		{0CAF4CBF-289F-4072-BEF1-391302E1A194}.Debug-IP|Any CPU.ActiveCfg = Debug|Any CPU
		{0CAF4CBF-289F-4072-BEF1-391302E1A194}.Debug-IP|Any CPU.Build.0 = Debug|Any CPU
		{0CAF4CBF-289F-4072-BEF1-391302E1A194}.Debug-Local|Any CPU.ActiveCfg = Debug|Any CPU
		{0CAF4CBF-289F-4072-BEF1-391302E1A194}.Debug-Local|Any CPU.Build.0 = Debug|Any CPU
		{0CAF4CBF-289F-4072-BEF1-391302E1A194}.Release|Any CPU.ActiveCfg = Release|Any CPU
		{0CAF4CBF-289F-4072-BEF1-391302E1A194}.Release|Any CPU.Build.0 = Release|Any CPU
		{4280FE62-282F-453A-9FCC-4D743FF40E5D}.Debug|Any CPU.ActiveCfg = Debug|Any CPU
		{4280FE62-282F-453A-9FCC-4D743FF40E5D}.Debug|Any CPU.Build.0 = Debug|Any CPU
		{4280FE62-282F-453A-9FCC-4D743FF40E5D}.Debug-IP|Any CPU.ActiveCfg = Debug-Local|Any CPU
		{4280FE62-282F-453A-9FCC-4D743FF40E5D}.Debug-IP|Any CPU.Build.0 = Debug-Local|Any CPU
		{4280FE62-282F-453A-9FCC-4D743FF40E5D}.Debug-Local|Any CPU.ActiveCfg = Debug-Local|Any CPU
		{4280FE62-282F-453A-9FCC-4D743FF40E5D}.Debug-Local|Any CPU.Build.0 = Debug-Local|Any CPU
		{4280FE62-282F-453A-9FCC-4D743FF40E5D}.Release|Any CPU.ActiveCfg = Release|Any CPU
		{4280FE62-282F-453A-9FCC-4D743FF40E5D}.Release|Any CPU.Build.0 = Release|Any CPU
		{93D077DC-D3F8-465C-80D6-68D3C29F0320}.Debug|Any CPU.ActiveCfg = Debug|Any CPU
		{93D077DC-D3F8-465C-80D6-68D3C29F0320}.Debug|Any CPU.Build.0 = Debug|Any CPU
		{93D077DC-D3F8-465C-80D6-68D3C29F0320}.Debug-IP|Any CPU.ActiveCfg = Debug-IP|Any CPU
		{93D077DC-D3F8-465C-80D6-68D3C29F0320}.Debug-IP|Any CPU.Build.0 = Debug-IP|Any CPU
		{93D077DC-D3F8-465C-80D6-68D3C29F0320}.Debug-Local|Any CPU.ActiveCfg = Debug-Local|Any CPU
		{93D077DC-D3F8-465C-80D6-68D3C29F0320}.Debug-Local|Any CPU.Build.0 = Debug-Local|Any CPU
		{93D077DC-D3F8-465C-80D6-68D3C29F0320}.Release|Any CPU.ActiveCfg = Release|Any CPU
		{93D077DC-D3F8-465C-80D6-68D3C29F0320}.Release|Any CPU.Build.0 = Release|Any CPU
		{4818E999-201C-4E65-AEA3-696602EA422D}.Debug|Any CPU.ActiveCfg = Debug|Any CPU
		{4818E999-201C-4E65-AEA3-696602EA422D}.Debug|Any CPU.Build.0 = Debug|Any CPU
		{4818E999-201C-4E65-AEA3-696602EA422D}.Debug-IP|Any CPU.ActiveCfg = Debug|Any CPU
		{4818E999-201C-4E65-AEA3-696602EA422D}.Debug-IP|Any CPU.Build.0 = Debug|Any CPU
		{4818E999-201C-4E65-AEA3-696602EA422D}.Debug-Local|Any CPU.ActiveCfg = Debug|Any CPU
		{4818E999-201C-4E65-AEA3-696602EA422D}.Debug-Local|Any CPU.Build.0 = Debug|Any CPU
		{4818E999-201C-4E65-AEA3-696602EA422D}.Release|Any CPU.ActiveCfg = Release|Any CPU
		{4818E999-201C-4E65-AEA3-696602EA422D}.Release|Any CPU.Build.0 = Release|Any CPU
	EndGlobalSection
	GlobalSection(SolutionProperties) = preSolution
		HideSolutionNode = FALSE
	EndGlobalSection
	GlobalSection(ExtensibilityGlobals) = postSolution
		SolutionGuid = {9AEE1C30-7E13-4EA3-B8FC-F0B37CA2102A}
	EndGlobalSection
EndGlobal
